
Microsoft Visual Studio Solution File, Format Version 12.00
# Visual Studio Version 16
VisualStudioVersion = 16.0.30804.86
MinimumVisualStudioVersion = 10.0.40219.1
Project("{FAE04EC0-301F-11D3-BF4B-00C04F79EFBC}") = "WebApplication1", "WebApplication1.csproj", "{B66656D1-8DD7-4BDC-9967-2BCD3B6DB0C9}"
EndProject
Global
	GlobalSection(SolutionConfigurationPlatforms) = preSolution
		Debug|Any CPU = Debug|Any CPU
		Release|Any CPU = Release|Any CPU
	EndGlobalSection
	GlobalSection(ProjectConfigurationPlatforms) = postSolution
		{B66656D1-8DD7-4BDC-9967-2BCD3B6DB0C9}.Debug|Any CPU.ActiveCfg = Debug|Any CPU
		{B66656D1-8DD7-4BDC-9967-2BCD3B6DB0C9}.Debug|Any CPU.Build.0 = Debug|Any CPU
		{B66656D1-8DD7-4BDC-9967-2BCD3B6DB0C9}.Release|Any CPU.ActiveCfg = Release|Any CPU
		{B66656D1-8DD7-4BDC-9967-2BCD3B6DB0C9}.Release|Any CPU.Build.0 = Release|Any CPU
	EndGlobalSection
	GlobalSection(SolutionProperties) = preSolution
		HideSolutionNode = FALSE
	EndGlobalSection
	GlobalSection(ExtensibilityGlobals) = postSolution
		SolutionGuid = {F00A7EB0-A883-4181-BB5A-6E74349DF2FC}
	EndGlobalSection
EndGlobal
